
Microsoft Visual Studio Solution File, Format Version 12.00
# Visual Studio 15
Project("{FAE04EC0-301F-11D3-BF4B-00C04F79EFBC}") = "PlayFab", "PlayFab.csproj", "{24639B57-448E-2A74-916D-4D4AB6CF33C2}"
EndProject
Project("{FAE04EC0-301F-11D3-BF4B-00C04F79EFBC}") = "Assembly-CSharp", "Assembly-CSharp.csproj", "{06D63821-E8DC-63CF-71A8-2BE9A5E7E6EA}"
EndProject
Project("{FAE04EC0-301F-11D3-BF4B-00C04F79EFBC}") = "Assembly-CSharp-firstpass", "Assembly-CSharp-firstpass.csproj", "{F3BE16E7-6676-8153-3697-ECE5582EB03A}"
EndProject
Project("{FAE04EC0-301F-11D3-BF4B-00C04F79EFBC}") = "Assembly-CSharp-Editor", "Assembly-CSharp-Editor.csproj", "{17855094-ABE2-47CB-396C-1E16821A727C}"
EndProject
Project("{FAE04EC0-301F-11D3-BF4B-00C04F79EFBC}") = "PlayFabEditorExtensions", "PlayFabEditorExtensions.csproj", "{CF4D417D-6C2F-04EC-BD53-70EE4870EBC4}"
EndProject
Project("{FAE04EC0-301F-11D3-BF4B-00C04F79EFBC}") = "PlayFabSDKEditor", "PlayFabSDKEditor.csproj", "{AC627ABA-C40A-21BC-A3CF-898F202F1C74}"
EndProject
Global
	GlobalSection(SolutionConfigurationPlatforms) = preSolution
		Debug|Any CPU = Debug|Any CPU
		Release|Any CPU = Release|Any CPU
	EndGlobalSection
	GlobalSection(ProjectConfigurationPlatforms) = postSolution
		{24639B57-448E-2A74-916D-4D4AB6CF33C2}.Debug|Any CPU.ActiveCfg = Debug|Any CPU
		{24639B57-448E-2A74-916D-4D4AB6CF33C2}.Debug|Any CPU.Build.0 = Debug|Any CPU
		{24639B57-448E-2A74-916D-4D4AB6CF33C2}.Release|Any CPU.ActiveCfg = Release|Any CPU
		{24639B57-448E-2A74-916D-4D4AB6CF33C2}.Release|Any CPU.Build.0 = Release|Any CPU
		{06D63821-E8DC-63CF-71A8-2BE9A5E7E6EA}.Debug|Any CPU.ActiveCfg = Debug|Any CPU
		{06D63821-E8DC-63CF-71A8-2BE9A5E7E6EA}.Debug|Any CPU.Build.0 = Debug|Any CPU
		{06D63821-E8DC-63CF-71A8-2BE9A5E7E6EA}.Release|Any CPU.ActiveCfg = Release|Any CPU
		{06D63821-E8DC-63CF-71A8-2BE9A5E7E6EA}.Release|Any CPU.Build.0 = Release|Any CPU
		{F3BE16E7-6676-8153-3697-ECE5582EB03A}.Debug|Any CPU.ActiveCfg = Debug|Any CPU
		{F3BE16E7-6676-8153-3697-ECE5582EB03A}.Debug|Any CPU.Build.0 = Debug|Any CPU
		{F3BE16E7-6676-8153-3697-ECE5582EB03A}.Release|Any CPU.ActiveCfg = Release|Any CPU
		{F3BE16E7-6676-8153-3697-ECE5582EB03A}.Release|Any CPU.Build.0 = Release|Any CPU
		{17855094-ABE2-47CB-396C-1E16821A727C}.Debug|Any CPU.ActiveCfg = Debug|Any CPU
		{17855094-ABE2-47CB-396C-1E16821A727C}.Debug|Any CPU.Build.0 = Debug|Any CPU
		{17855094-ABE2-47CB-396C-1E16821A727C}.Release|Any CPU.ActiveCfg = Release|Any CPU
		{17855094-ABE2-47CB-396C-1E16821A727C}.Release|Any CPU.Build.0 = Release|Any CPU
		{CF4D417D-6C2F-04EC-BD53-70EE4870EBC4}.Debug|Any CPU.ActiveCfg = Debug|Any CPU
		{CF4D417D-6C2F-04EC-BD53-70EE4870EBC4}.Debug|Any CPU.Build.0 = Debug|Any CPU
		{CF4D417D-6C2F-04EC-BD53-70EE4870EBC4}.Release|Any CPU.ActiveCfg = Release|Any CPU
		{CF4D417D-6C2F-04EC-BD53-70EE4870EBC4}.Release|Any CPU.Build.0 = Release|Any CPU
		{AC627ABA-C40A-21BC-A3CF-898F202F1C74}.Debug|Any CPU.ActiveCfg = Debug|Any CPU
		{AC627ABA-C40A-21BC-A3CF-898F202F1C74}.Debug|Any CPU.Build.0 = Debug|Any CPU
		{AC627ABA-C40A-21BC-A3CF-898F202F1C74}.Release|Any CPU.ActiveCfg = Release|Any CPU
		{AC627ABA-C40A-21BC-A3CF-898F202F1C74}.Release|Any CPU.Build.0 = Release|Any CPU
	EndGlobalSection
	GlobalSection(SolutionProperties) = preSolution
		HideSolutionNode = FALSE
	EndGlobalSection
EndGlobal
